// !$*UTF8*$!
{
	archiveVersion = 1;
	classes = {
	};
	objectVersion = 50;
	objects = {

/* Begin PBXBuildFile section */
		112B9A9B247B3D9B00D7E839 /* AppDelegate.swift in Sources */ = {isa = PBXBuildFile; fileRef = 112B9A9A247B3D9B00D7E839 /* AppDelegate.swift */; };
		112B9A9D247B3D9B00D7E839 /* SceneDelegate.swift in Sources */ = {isa = PBXBuildFile; fileRef = 112B9A9C247B3D9B00D7E839 /* SceneDelegate.swift */; };
		112B9A9F247B3D9B00D7E839 /* ContentView.swift in Sources */ = {isa = PBXBuildFile; fileRef = 112B9A9E247B3D9B00D7E839 /* ContentView.swift */; };
		112B9AA1247B3D9D00D7E839 /* Assets.xcassets in Resources */ = {isa = PBXBuildFile; fileRef = 112B9AA0247B3D9D00D7E839 /* Assets.xcassets */; };
		112B9AA4247B3D9D00D7E839 /* Preview Assets.xcassets in Resources */ = {isa = PBXBuildFile; fileRef = 112B9AA3247B3D9D00D7E839 /* Preview Assets.xcassets */; };
		112B9AA7247B3D9D00D7E839 /* LaunchScreen.storyboard in Resources */ = {isa = PBXBuildFile; fileRef = 112B9AA5247B3D9D00D7E839 /* LaunchScreen.storyboard */; };
		112B9AB0247B415800D7E839 /* NetworkManager.swift in Sources */ = {isa = PBXBuildFile; fileRef = 112B9AAF247B415800D7E839 /* NetworkManager.swift */; };
		112B9AB2247B428700D7E839 /* PostData.swift in Sources */ = {isa = PBXBuildFile; fileRef = 112B9AB1247B428700D7E839 /* PostData.swift */; };
		112B9AB5247B481900D7E839 /* DetailView.swift in Sources */ = {isa = PBXBuildFile; fileRef = 112B9AB4247B481900D7E839 /* DetailView.swift */; };
		112B9AB7247B4D2A00D7E839 /* WebView.swift in Sources */ = {isa = PBXBuildFile; fileRef = 112B9AB6247B4D2A00D7E839 /* WebView.swift */; };
/* End PBXBuildFile section */

/* Begin PBXFileReference section */
		112B9A97247B3D9B00D7E839 /* H4X0R News.app */ = {isa = PBXFileReference; explicitFileType = wrapper.application; includeInIndex = 0; path = "H4X0R News.app"; sourceTree = BUILT_PRODUCTS_DIR; };
		112B9A9A247B3D9B00D7E839 /* AppDelegate.swift */ = {isa = PBXFileReference; lastKnownFileType = sourcecode.swift; path = AppDelegate.swift; sourceTree = "<group>"; };
		112B9A9C247B3D9B00D7E839 /* SceneDelegate.swift */ = {isa = PBXFileReference; lastKnownFileType = sourcecode.swift; path = SceneDelegate.swift; sourceTree = "<group>"; };
		112B9A9E247B3D9B00D7E839 /* ContentView.swift */ = {isa = PBXFileReference; lastKnownFileType = sourcecode.swift; path = ContentView.swift; sourceTree = "<group>"; };
		112B9AA0247B3D9D00D7E839 /* Assets.xcassets */ = {isa = PBXFileReference; lastKnownFileType = folder.assetcatalog; path = Assets.xcassets; sourceTree = "<group>"; };
		112B9AA3247B3D9D00D7E839 /* Preview Assets.xcassets */ = {isa = PBXFileReference; lastKnownFileType = folder.assetcatalog; path = "Preview Assets.xcassets"; sourceTree = "<group>"; };
		112B9AA6247B3D9D00D7E839 /* Base */ = {isa = PBXFileReference; lastKnownFileType = file.storyboard; name = Base; path = Base.lproj/LaunchScreen.storyboard; sourceTree = "<group>"; };
		112B9AA8247B3D9D00D7E839 /* Info.plist */ = {isa = PBXFileReference; lastKnownFileType = text.plist.xml; path = Info.plist; sourceTree = "<group>"; };
		112B9AAF247B415800D7E839 /* NetworkManager.swift */ = {isa = PBXFileReference; lastKnownFileType = sourcecode.swift; path = NetworkManager.swift; sourceTree = "<group>"; };
		112B9AB1247B428700D7E839 /* PostData.swift */ = {isa = PBXFileReference; lastKnownFileType = sourcecode.swift; path = PostData.swift; sourceTree = "<group>"; };
		112B9AB4247B481900D7E839 /* DetailView.swift */ = {isa = PBXFileReference; lastKnownFileType = sourcecode.swift; path = DetailView.swift; sourceTree = "<group>"; };
		112B9AB6247B4D2A00D7E839 /* WebView.swift */ = {isa = PBXFileReference; lastKnownFileType = sourcecode.swift; path = WebView.swift; sourceTree = "<group>"; };
/* End PBXFileReference section */

/* Begin PBXFrameworksBuildPhase section */
		112B9A94247B3D9B00D7E839 /* Frameworks */ = {
			isa = PBXFrameworksBuildPhase;
			buildActionMask = 2147483647;
			files = (
			);
			runOnlyForDeploymentPostprocessing = 0;
		};
/* End PBXFrameworksBuildPhase section */

/* Begin PBXGroup section */
		112B9A8E247B3D9B00D7E839 = {
			isa = PBXGroup;
			children = (
				112B9A99247B3D9B00D7E839 /* H4X0R News */,
				112B9A98247B3D9B00D7E839 /* Products */,
			);
			sourceTree = "<group>";
		};
		112B9A98247B3D9B00D7E839 /* Products */ = {
			isa = PBXGroup;
			children = (
				112B9A97247B3D9B00D7E839 /* H4X0R News.app */,
			);
			name = Products;
			sourceTree = "<group>";
		};
		112B9A99247B3D9B00D7E839 /* H4X0R News */ = {
			isa = PBXGroup;
			children = (
				112B9AAE247B412600D7E839 /* Model */,
				112B9A9A247B3D9B00D7E839 /* AppDelegate.swift */,
				112B9A9C247B3D9B00D7E839 /* SceneDelegate.swift */,
				112B9AB3247B47DD00D7E839 /* Views */,
				112B9AA0247B3D9D00D7E839 /* Assets.xcassets */,
				112B9AA5247B3D9D00D7E839 /* LaunchScreen.storyboard */,
				112B9AA8247B3D9D00D7E839 /* Info.plist */,
				112B9AA2247B3D9D00D7E839 /* Preview Content */,
			);
			path = "H4X0R News";
			sourceTree = "<group>";
		};
		112B9AA2247B3D9D00D7E839 /* Preview Content */ = {
			isa = PBXGroup;
			children = (
				112B9AA3247B3D9D00D7E839 /* Preview Assets.xcassets */,
			);
			path = "Preview Content";
			sourceTree = "<group>";
		};
		112B9AAE247B412600D7E839 /* Model */ = {
			isa = PBXGroup;
			children = (
				112B9AAF247B415800D7E839 /* NetworkManager.swift */,
				112B9AB1247B428700D7E839 /* PostData.swift */,
			);
			path = Model;
			sourceTree = "<group>";
		};
		112B9AB3247B47DD00D7E839 /* Views */ = {
			isa = PBXGroup;
			children = (
				112B9A9E247B3D9B00D7E839 /* ContentView.swift */,
				112B9AB4247B481900D7E839 /* DetailView.swift */,
				112B9AB6247B4D2A00D7E839 /* WebView.swift */,
			);
			path = Views;
			sourceTree = "<group>";
		};
/* End PBXGroup section */

/* Begin PBXNativeTarget section */
		112B9A96247B3D9B00D7E839 /* H4X0R News */ = {
			isa = PBXNativeTarget;
			buildConfigurationList = 112B9AAB247B3D9D00D7E839 /* Build configuration list for PBXNativeTarget "H4X0R News" */;
			buildPhases = (
				112B9A93247B3D9B00D7E839 /* Sources */,
				112B9A94247B3D9B00D7E839 /* Frameworks */,
				112B9A95247B3D9B00D7E839 /* Resources */,
			);
			buildRules = (
			);
			dependencies = (
			);
			name = "H4X0R News";
			productName = "H4X0R News";
			productReference = 112B9A97247B3D9B00D7E839 /* H4X0R News.app */;
			productType = "com.apple.product-type.application";
		};
/* End PBXNativeTarget section */

/* Begin PBXProject section */
		112B9A8F247B3D9B00D7E839 /* Project object */ = {
			isa = PBXProject;
			attributes = {
				LastSwiftUpdateCheck = 1150;
				LastUpgradeCheck = 1150;
				ORGANIZATIONNAME = "Jagdev Singh Jhajj";
				TargetAttributes = {
					112B9A96247B3D9B00D7E839 = {
						CreatedOnToolsVersion = 11.5;
					};
				};
			};
			buildConfigurationList = 112B9A92247B3D9B00D7E839 /* Build configuration list for PBXProject "H4X0R News" */;
			compatibilityVersion = "Xcode 9.3";
			developmentRegion = en;
			hasScannedForEncodings = 0;
			knownRegions = (
				en,
				Base,
			);
			mainGroup = 112B9A8E247B3D9B00D7E839;
			productRefGroup = 112B9A98247B3D9B00D7E839 /* Products */;
			projectDirPath = "";
			projectRoot = "";
			targets = (
				112B9A96247B3D9B00D7E839 /* H4X0R News */,
			);
		};
/* End PBXProject section */

/* Begin PBXResourcesBuildPhase section */
		112B9A95247B3D9B00D7E839 /* Resources */ = {
			isa = PBXResourcesBuildPhase;
			buildActionMask = 2147483647;
			files = (
				112B9AA7247B3D9D00D7E839 /* LaunchScreen.storyboard in Resources */,
				112B9AA4247B3D9D00D7E839 /* Preview Assets.xcassets in Resources */,
				112B9AA1247B3D9D00D7E839 /* Assets.xcassets in Resources */,
			);
			runOnlyForDeploymentPostprocessing = 0;
		};
/* End PBXResourcesBuildPhase section */

/* Begin PBXSourcesBuildPhase section */
		112B9A93247B3D9B00D7E839 /* Sources */ = {
			isa = PBXSourcesBuildPhase;
			buildActionMask = 2147483647;
			files = (
				112B9AB2247B428700D7E839 /* PostData.swift in Sources */,
				112B9AB5247B481900D7E839 /* DetailView.swift in Sources */,
				112B9AB0247B415800D7E839 /* NetworkManager.swift in Sources */,
				112B9A9B247B3D9B00D7E839 /* AppDelegate.swift in Sources */,
				112B9A9D247B3D9B00D7E839 /* SceneDelegate.swift in Sources */,
				112B9A9F247B3D9B00D7E839 /* ContentView.swift in Sources */,
				112B9AB7247B4D2A00D7E839 /* WebView.swift in Sources */,
			);
			runOnlyForDeploymentPostprocessing = 0;
		};
/* End PBXSourcesBuildPhase section */

/* Begin PBXVariantGroup section */
		112B9AA5247B3D9D00D7E839 /* LaunchScreen.storyboard */ = {
			isa = PBXVariantGroup;
			children = (
				112B9AA6247B3D9D00D7E839 /* Base */,
			);
			name = LaunchScreen.storyboard;
			sourceTree = "<group>";
		};
/* End PBXVariantGroup section */

/* Begin XCBuildConfiguration section */
		112B9AA9247B3D9D00D7E839 /* Debug */ = {
			isa = XCBuildConfiguration;
			buildSettings = {
				ALWAYS_SEARCH_USER_PATHS = NO;
				CLANG_ANALYZER_NONNULL = YES;
				CLANG_ANALYZER_NUMBER_OBJECT_CONVERSION = YES_AGGRESSIVE;
				CLANG_CXX_LANGUAGE_STANDARD = "gnu++14";
				CLANG_CXX_LIBRARY = "libc++";
				CLANG_ENABLE_MODULES = YES;
				CLANG_ENABLE_OBJC_ARC = YES;
				CLANG_ENABLE_OBJC_WEAK = YES;
				CLANG_WARN_BLOCK_CAPTURE_AUTORELEASING = YES;
				CLANG_WARN_BOOL_CONVERSION = YES;
				CLANG_WARN_COMMA = YES;
				CLANG_WARN_CONSTANT_CONVERSION = YES;
				CLANG_WARN_DEPRECATED_OBJC_IMPLEMENTATIONS = YES;
				CLANG_WARN_DIRECT_OBJC_ISA_USAGE = YES_ERROR;
				CLANG_WARN_DOCUMENTATION_COMMENTS = YES;
				CLANG_WARN_EMPTY_BODY = YES;
				CLANG_WARN_ENUM_CONVERSION = YES;
				CLANG_WARN_INFINITE_RECURSION = YES;
				CLANG_WARN_INT_CONVERSION = YES;
				CLANG_WARN_NON_LITERAL_NULL_CONVERSION = YES;
				CLANG_WARN_OBJC_IMPLICIT_RETAIN_SELF = YES;
				CLANG_WARN_OBJC_LITERAL_CONVERSION = YES;
				CLANG_WARN_OBJC_ROOT_CLASS = YES_ERROR;
				CLANG_WARN_RANGE_LOOP_ANALYSIS = YES;
				CLANG_WARN_STRICT_PROTOTYPES = YES;
				CLANG_WARN_SUSPICIOUS_MOVE = YES;
				CLANG_WARN_UNGUARDED_AVAILABILITY = YES_AGGRESSIVE;
				CLANG_WARN_UNREACHABLE_CODE = YES;
				CLANG_WARN__DUPLICATE_METHOD_MATCH = YES;
				COPY_PHASE_STRIP = NO;
				DEBUG_INFORMATION_FORMAT = dwarf;
				ENABLE_STRICT_OBJC_MSGSEND = YES;
				ENABLE_TESTABILITY = YES;
				GCC_C_LANGUAGE_STANDARD = gnu11;
				GCC_DYNAMIC_NO_PIC = NO;
				GCC_NO_COMMON_BLOCKS = YES;
				GCC_OPTIMIZATION_LEVEL = 0;
				GCC_PREPROCESSOR_DEFINITIONS = (
					"DEBUG=1",
					"$(inherited)",
				);
				GCC_WARN_64_TO_32_BIT_CONVERSION = YES;
				GCC_WARN_ABOUT_RETURN_TYPE = YES_ERROR;
				GCC_WARN_UNDECLARED_SELECTOR = YES;
				GCC_WARN_UNINITIALIZED_AUTOS = YES_AGGRESSIVE;
				GCC_WARN_UNUSED_FUNCTION = YES;
				GCC_WARN_UNUSED_VARIABLE = YES;
				IPHONEOS_DEPLOYMENT_TARGET = 13.5;
				MTL_ENABLE_DEBUG_INFO = INCLUDE_SOURCE;
				MTL_FAST_MATH = YES;
				ONLY_ACTIVE_ARCH = YES;
				SDKROOT = iphoneos;
				SWIFT_ACTIVE_COMPILATION_CONDITIONS = DEBUG;
				SWIFT_OPTIMIZATION_LEVEL = "-Onone";
			};
			name = Debug;
		};
		112B9AAA247B3D9D00D7E839 /* Release */ = {
			isa = XCBuildConfiguration;
			buildSettings = {
				ALWAYS_SEARCH_USER_PATHS = NO;
				CLANG_ANALYZER_NONNULL = YES;
				CLANG_ANALYZER_NUMBER_OBJECT_CONVERSION = YES_AGGRESSIVE;
				CLANG_CXX_LANGUAGE_STANDARD = "gnu++14";
				CLANG_CXX_LIBRARY = "libc++";
				CLANG_ENABLE_MODULES = YES;
				CLANG_ENABLE_OBJC_ARC = YES;
				CLANG_ENABLE_OBJC_WEAK = YES;
				CLANG_WARN_BLOCK_CAPTURE_AUTORELEASING = YES;
				CLANG_WARN_BOOL_CONVERSION = YES;
				CLANG_WARN_COMMA = YES;
				CLANG_WARN_CONSTANT_CONVERSION = YES;
				CLANG_WARN_DEPRECATED_OBJC_IMPLEMENTATIONS = YES;
				CLANG_WARN_DIRECT_OBJC_ISA_USAGE = YES_ERROR;
				CLANG_WARN_DOCUMENTATION_COMMENTS = YES;
				CLANG_WARN_EMPTY_BODY = YES;
				CLANG_WARN_ENUM_CONVERSION = YES;
				CLANG_WARN_INFINITE_RECURSION = YES;
				CLANG_WARN_INT_CONVERSION = YES;
				CLANG_WARN_NON_LITERAL_NULL_CONVERSION = YES;
				CLANG_WARN_OBJC_IMPLICIT_RETAIN_SELF = YES;
				CLANG_WARN_OBJC_LITERAL_CONVERSION = YES;
				CLANG_WARN_OBJC_ROOT_CLASS = YES_ERROR;
				CLANG_WARN_RANGE_LOOP_ANALYSIS = YES;
				CLANG_WARN_STRICT_PROTOTYPES = YES;
				CLANG_WARN_SUSPICIOUS_MOVE = YES;
				CLANG_WARN_UNGUARDED_AVAILABILITY = YES_AGGRESSIVE;
				CLANG_WARN_UNREACHABLE_CODE = YES;
				CLANG_WARN__DUPLICATE_METHOD_MATCH = YES;
				COPY_PHASE_STRIP = NO;
				DEBUG_INFORMATION_FORMAT = "dwarf-with-dsym";
				ENABLE_NS_ASSERTIONS = NO;
				ENABLE_STRICT_OBJC_MSGSEND = YES;
				GCC_C_LANGUAGE_STANDARD = gnu11;
				GCC_NO_COMMON_BLOCKS = YES;
				GCC_WARN_64_TO_32_BIT_CONVERSION = YES;
				GCC_WARN_ABOUT_RETURN_TYPE = YES_ERROR;
				GCC_WARN_UNDECLARED_SELECTOR = YES;
				GCC_WARN_UNINITIALIZED_AUTOS = YES_AGGRESSIVE;
				GCC_WARN_UNUSED_FUNCTION = YES;
				GCC_WARN_UNUSED_VARIABLE = YES;
				IPHONEOS_DEPLOYMENT_TARGET = 13.5;
				MTL_ENABLE_DEBUG_INFO = NO;
				MTL_FAST_MATH = YES;
				SDKROOT = iphoneos;
				SWIFT_COMPILATION_MODE = wholemodule;
				SWIFT_OPTIMIZATION_LEVEL = "-O";
				VALIDATE_PRODUCT = YES;
			};
			name = Release;
		};
		112B9AAC247B3D9D00D7E839 /* Debug */ = {
			isa = XCBuildConfiguration;
			buildSettings = {
				ASSETCATALOG_COMPILER_APPICON_NAME = AppIcon;
				CODE_SIGN_STYLE = Automatic;
				DEVELOPMENT_ASSET_PATHS = "\"H4X0R News/Preview Content\"";
				ENABLE_PREVIEWS = YES;
				INFOPLIST_FILE = "H4X0R News/Info.plist";
				LD_RUNPATH_SEARCH_PATHS = (
					"$(inherited)",
					"@executable_path/Frameworks",
				);
				PRODUCT_BUNDLE_IDENTIFIER = "com.jagdevsinghjhajj.H4X0R-News";
				PRODUCT_NAME = "$(TARGET_NAME)";
				SWIFT_VERSION = 5.0;
				TARGETED_DEVICE_FAMILY = "1,2";
			};
			name = Debug;
		};
		112B9AAD247B3D9D00D7E839 /* Release */ = {
			isa = XCBuildConfiguration;
			buildSettings = {
				ASSETCATALOG_COMPILER_APPICON_NAME = AppIcon;
				CODE_SIGN_STYLE = Automatic;
				DEVELOPMENT_ASSET_PATHS = "\"H4X0R News/Preview Content\"";
				ENABLE_PREVIEWS = YES;
				INFOPLIST_FILE = "H4X0R News/Info.plist";
				LD_RUNPATH_SEARCH_PATHS = (
					"$(inherited)",
					"@executable_path/Frameworks",
				);
				PRODUCT_BUNDLE_IDENTIFIER = "com.jagdevsinghjhajj.H4X0R-News";
				PRODUCT_NAME = "$(TARGET_NAME)";
				SWIFT_VERSION = 5.0;
				TARGETED_DEVICE_FAMILY = "1,2";
			};
			name = Release;
		};
/* End XCBuildConfiguration section */

/* Begin XCConfigurationList section */
		112B9A92247B3D9B00D7E839 /* Build configuration list for PBXProject "H4X0R News" */ = {
			isa = XCConfigurationList;
			buildConfigurations = (
				112B9AA9247B3D9D00D7E839 /* Debug */,
				112B9AAA247B3D9D00D7E839 /* Release */,
			);
			defaultConfigurationIsVisible = 0;
			defaultConfigurationName = Release;
		};
		112B9AAB247B3D9D00D7E839 /* Build configuration list for PBXNativeTarget "H4X0R News" */ = {
			isa = XCConfigurationList;
			buildConfigurations = (
				112B9AAC247B3D9D00D7E839 /* Debug */,
				112B9AAD247B3D9D00D7E839 /* Release */,
			);
			defaultConfigurationIsVisible = 0;
			defaultConfigurationName = Release;
		};
/* End XCConfigurationList section */
	};
	rootObject = 112B9A8F247B3D9B00D7E839 /* Project object */;
}
